lockfileVersion: '6.0'

settings:
  autoInstallPeers: true
  excludeLinksFromLockfile: false

dependencies:
  '@ezuikit/player-theme':
    specifier: 3.0.2-beta.3
    version: 3.0.2-beta.3
  '@ezuikit/utils-collect':
    specifier: ^0.1.1
    version: 0.1.1
  '@ezuikit/utils-i18n':
    specifier: 2.0.1
    version: 2.0.1
  '@ezuikit/utils-logger':
    specifier: 2.0.1
    version: 2.0.1
  '@ezuikit/utils-tools':
    specifier: 2.0.5
    version: 2.0.5
  '@skax/hls-parse':
    specifier: 0.0.1-beta.9
    version: 0.0.1-beta.9
  deepmerge:
    specifier: ^4.3.1
    version: 4.3.1
  eventemitter3:
    specifier: ^5.0.1
    version: 5.0.1
  hls.js:
    specifier: ^1.6.16
    version: 1.6.16
  ua-parser-js:
    specifier: 1.0.37
    version: 1.0.37

packages:

  /@ezuikit/control-date-picker@2.0.0-beta.4:
    resolution: {integrity: sha512-0+uN3s8W78uSZSvWXbmFUY5kmK8I/94uWqBm9cSRlG7OtSvLCrySVXj/fbYXMrDWpXx6okHfxPZRqke6GbpK9Q==}
    dependencies:
      '@ezuikit/utils-i18n': 2.0.0
      '@ezuikit/utils-tools': 2.0.3
      '@skax/delegate': 4.0.2
      '@skax/picker': 1.1.8
      deepmerge: 4.3.1
    dev: false

  /@ezuikit/control-ptz@1.0.0-beta.5:
    resolution: {integrity: sha512-tiV/7EqkaYDtVXx+9kS6VTfI9+jzTwlIOKh1gLbAETv0Y5J/u4C5ItLss9XSxgp/EF6OnHCu2zpuN/FLxnwfrQ==}
    dependencies:
      '@ezuikit/utils-tools': 2.0.3
      deepmerge: 4.3.1
    dev: false

  /@ezuikit/control-time-line@2.0.0-beta.4:
    resolution: {integrity: sha512-BwNQo8Kq/qQ3xtEnM6ya0JXstixUORNcUrXS+QTxPyU6+PxTs/YlurgE4uLb0kYuH6ny6ErxaumHVn3sqFq8zw==}
    dependencies:
      '@ezuikit/utils-i18n': 2.0.0
      '@ezuikit/utils-tools': 2.0.3
      '@skax/delegate': 4.0.2
      '@skax/drag-scroll': 1.1.2
      '@skax/picker': 1.1.8
      deepmerge: 4.3.1
    dev: false

  /@ezuikit/control-zoom@1.0.0-beta.4:
    resolution: {integrity: sha512-MG+weJeYSeh86LyZWFseUSWw9VCkyKFIE0V58Nee1+NCIuctbTd9fBmtAexX8xHEiApHKDwfQmwc+xlUZgTb6Q==}
    dev: false

  /@ezuikit/player-theme@3.0.2-beta.3:
    resolution: {integrity: sha512-cp/nMQzu3QDkNrmuFM72ftBGvinuvzDotPMR35igGAyDa/Mnm0mp+PErxxPK1jjI3ffyzzrFfdFX09rrIK1fTQ==}
    dependencies:
      '@ezuikit/control-date-picker': 2.0.0-beta.4
      '@ezuikit/control-ptz': 1.0.0-beta.5
      '@ezuikit/control-time-line': 2.0.0-beta.4
      '@ezuikit/control-zoom': 1.0.0-beta.4
      '@ezuikit/utils-i18n': 2.0.1
      '@ezuikit/utils-logger': 2.0.1
      '@ezuikit/utils-tools': 2.0.3
      '@juggle/resize-observer': 3.4.0
      '@skax/delegate': 4.0.2
      '@skax/picker': 1.1.8
      deepmerge: 4.3.1
      eventemitter3: 5.0.1
      screenfull: 5.2.0
    dev: false

  /@ezuikit/utils-collect@0.1.1:
    resolution: {integrity: sha512-BgEOnTtAq8rQRBAKv5rLXbQLGOnfOZ6NS0QTmiviey80JbMJlxrLiqmjL5lxvkm4JtCcXCtSgPA4tskQKN4eDA==}
    dev: false

  /@ezuikit/utils-i18n@2.0.0:
    resolution: {integrity: sha512-gMkfdwFTRk3bAkUVWRGPyEsQl4aIImBpQp732aSSHA75LFPi1MmdaB2Xf34OeC+4v+Anpbt75vviCpUrKPMKlQ==}
    dependencies:
      deepmerge: 4.3.1
    dev: false

  /@ezuikit/utils-i18n@2.0.1:
    resolution: {integrity: sha512-846z2bDpCxioTBO3KG8Uw8QUFa6hzquSzmZKWPO6fjT3P4v6zNnXRz+Z3JCPlXnc4eesi03A+JmMAU6m5KI4gg==}
    dependencies:
      deepmerge: 4.3.1
    dev: false

  /@ezuikit/utils-logger@2.0.1:
    resolution: {integrity: sha512-AeLLR9ZQJkSJFfCicpkVBcnOE4zyQMp4W4997sTEGyF3k3I8Upkfn4Cye2A44MIphdw6eytKlaJp6H4joSafQw==}
    dev: false

  /@ezuikit/utils-tools@2.0.3:
    resolution: {integrity: sha512-YvUGDU1ikjSc5YjQLh6kQWGBOpqkOczb3HiocWm7FOk9grW6IAGd3RbRu0e+XyWT20nefcEpbIhRwOYsTejjnA==}
    dev: false

  /@ezuikit/utils-tools@2.0.5:
    resolution: {integrity: sha512-7SR3kKQdColQ+Rz/PPaLzHi8Yv3RuhFUh3iMymonlO95OJSZBgjaTSX5QNeTnZIi57soNVoHByR4tS/JbMA4Wg==}
    dev: false

  /@juggle/resize-observer@3.4.0:
    resolution: {integrity: sha512-dfLbk+PwWvFzSxwk3n5ySL0hfBog779o8h68wK/7/APo/7cgyWp5jcXockbxdk5kFRkbeXWm4Fbi9FrdN381sA==}
    dev: false

  /@skax/delegate@4.0.2:
    resolution: {integrity: sha512-8imP+fGESjlbU4mFhZMEuR3/qmYVtqQjXXzZ/C/imbzKqyaMWYpEDqQXNf6yGHzWHUJhZwn5AWNm645U1GjQsQ==}
    dev: false

  /@skax/drag-scroll@1.1.2:
    resolution: {integrity: sha512-dRYjWY6+ix7FCdDLkkEgitO5EcawaHJt1Fu6BXUwKjpikkGnVeMRzrIwfH3jr6FbrhZvZr4StsYG7x5xMHZ3CQ==}
    dev: false

  /@skax/hls-parse@0.0.1-beta.9:
    resolution: {integrity: sha512-oJOwqoRqk7nCeQjovvpAYyh5inJqbDNLj+7DDTcRITyLDmCo6FMkFxVL5iracUB+W1GrhXf5jISYtlLjGxPI4w==}
    dev: false

  /@skax/picker@1.1.8:
    resolution: {integrity: sha512-PY8eefUG2KYheTV4VsToL66JDyFWbNrUQcz4sdEUfdFs5A2JWBYL4tNVEIMUq92m03yXaPtkNXh2RcgKO2Czzg==}
    dev: false

  /deepmerge@4.3.1:
    resolution: {integrity: sha512-3sUqbMEc77XqpdNO7FRyRog+eW3ph+GYCbj+rK+uYyRMuwsVy0rMiVtPn+QJlKFvWP/1PYpapqYn0Me2knFn+A==}
    engines: {node: '>=0.10.0'}
    dev: false

  /eventemitter3@5.0.1:
    resolution: {integrity: sha512-GWkBvjiSZK87ELrYOSESUYeVIc9mvLLf/nXalMOS5dYrgZq9o5OVkbZAVM06CVxYsCwH9BDZFPlQTlPA1j4ahA==}
    dev: false

  /hls.js@1.6.16:
    resolution: {integrity: sha512-VSIRpLfRwlAAdGL4wiTucx2ScRipo0ed1FBatWkyt832jC4CReKstga6yIhYVwGu9LOBjuX9wzmRMeQdBJtzEA==}
    dev: false

  /screenfull@5.2.0:
    resolution: {integrity: sha512-9BakfsO2aUQN2K9Fdbj87RJIEZ82Q9IGim7FqM5OsebfoFC6ZHXgDq/KvniuLTPdeM8wY2o6Dj3WQ7KeQCj3cA==}
    engines: {node: '>=0.10.0'}
    dev: false

  /ua-parser-js@1.0.37:
    resolution: {integrity: sha512-bhTyI94tZofjo+Dn8SN6Zv8nBDvyXTymAdM3LDI/0IboIUwTu1rEhW7v2TfiVsoYWgkQ4kOVqnI8APUFbIQIFQ==}
    dev: false
