lockfileVersion: '6.0'

settings:
  autoInstallPeers: true
  excludeLinksFromLockfile: false

dependencies:
  '@ezuikit/player-base':
    specifier: 0.1.1
    version: 0.1.1
  '@ezuikit/utils-collect':
    specifier: ^0.1.0
    version: 0.1.0
  '@ezuikit/utils-i18n':
    specifier: ^1.0.1
    version: 1.0.1
  '@ezuikit/utils-logger':
    specifier: ^1.0.1
    version: 1.0.1
  '@ezuikit/utils-tools':
    specifier: ^1.0.2
    version: 1.0.3
  dayjs:
    specifier: ^1.11.10
    version: 1.11.12
  eventemitter3:
    specifier: ^5.0.1
    version: 5.0.1
  hls.js:
    specifier: ^1.5.7
    version: 1.5.13
  lodash-es:
    specifier: ^4.17.21
    version: 4.17.21
  screenfull:
    specifier: ^5.2.0
    version: 5.2.0
  ua-parser-js:
    specifier: 1.0.37
    version: 1.0.37

packages:

  /@ezuikit/player-base@0.1.1:
    resolution: {integrity: sha512-BJSLl+VEca/r07IaOwoZ9pZGs+3YmY+aTNAdEi3VL+kFbFg9cq+hrkar6GuNKRq6dJVHEBlDPZkAjpIgvA6NiA==}
    dependencies:
      '@ezuikit/utils-collect': 0.1.0
      '@ezuikit/utils-logger': 1.0.1
      '@ezuikit/utils-tools': 1.0.3
      eventemitter3: 5.0.1
      lodash-es: 4.17.21
      screenfull: 5.2.0
      ua-parser-js: 1.0.37
    dev: false

  /@ezuikit/utils-collect@0.1.0:
    resolution: {integrity: sha512-85lWlB/VCaooPPkCK3nEB4F3UKgO+HbmoPEq4U1tH/ObVP7IJ7eURrFUmQT1CKsqjH5xz5g4DgZzHWgYrwGcCQ==}
    dev: false

  /@ezuikit/utils-i18n@1.0.1:
    resolution: {integrity: sha512-uUjN3ADHV2ZG4QznuA7FB89/ck8AGV4qS8hm/sqeSA6/ie4ryYw8MS4wIv71WgPBIgIVDfASuEapyLOwq7R2aQ==}
    dependencies:
      i18n-js: 4.4.3
    dev: false

  /@ezuikit/utils-logger@1.0.1:
    resolution: {integrity: sha512-qak0MXh4vWZCji3aSCfHdWR3EbZCaqS0iMT8/QWuWPRr0vDmTRMP3kFOAw1MuMraR0ocjPBE2PaTEmUuwVqaAw==}
    dev: false

  /@ezuikit/utils-tools@1.0.3:
    resolution: {integrity: sha512-4vJOFAAmmIojfCf43LwXwQNffoyUad2c/HOZwNexHsMqcvC/yLeDmqm5Y5Kp4BoZT/LHfMpy9fJJ3W22+ikXaQ==}
    dev: false

  /bignumber.js@9.1.2:
    resolution: {integrity: sha512-2/mKyZH9K85bzOEfhXDBFZTGd1CTs+5IHpeFQo9luiBG7hghdC851Pj2WAhb6E3R6b9tZj/XKhbg4fum+Kepug==}
    dev: false

  /dayjs@1.11.12:
    resolution: {integrity: sha512-Rt2g+nTbLlDWZTwwrIXjy9MeiZmSDI375FvZs72ngxx8PDC6YXOeR3q5LAuPzjZQxhiWdRKac7RKV+YyQYfYIg==}
    dev: false

  /eventemitter3@5.0.1:
    resolution: {integrity: sha512-GWkBvjiSZK87ELrYOSESUYeVIc9mvLLf/nXalMOS5dYrgZq9o5OVkbZAVM06CVxYsCwH9BDZFPlQTlPA1j4ahA==}
    dev: false

  /hls.js@1.5.13:
    resolution: {integrity: sha512-xRgKo84nsC7clEvSfIdgn/Tc0NOT+d7vdiL/wvkLO+0k0juc26NRBPPG1SfB8pd5bHXIjMW/F5VM8VYYkOYYdw==}
    dev: false

  /i18n-js@4.4.3:
    resolution: {integrity: sha512-QIIyvJ+wOKdigL4BlgwiFFrpoXeGdlC8EYgori64YSWm1mnhNYYjIfRu5wETFrmiNP2fyD6xIjVG8dlzaiQr/A==}
    dependencies:
      bignumber.js: 9.1.2
      lodash: 4.17.21
      make-plural: 7.4.0
    dev: false

  /lodash-es@4.17.21:
    resolution: {integrity: sha512-mKnC+QJ9pWVzv+C4/U3rRsHapFfHvQFoFB92e52xeyGMcX6/OlIl78je1u8vePzYZSkkogMPJ2yjxxsb89cxyw==}
    dev: false

  /lodash@4.17.21:
    resolution: {integrity: sha512-v2kDEe57lecTulaDIuNTPy3Ry4gLGJ6Z1O3vE1krgXZNrsQ+LFTGHVxVjcXPs17LhbZVGedAJv8XZ1tvj5FvSg==}
    dev: false

  /make-plural@7.4.0:
    resolution: {integrity: sha512-4/gC9KVNTV6pvYg2gFeQYTW3mWaoJt7WZE5vrp1KnQDgW92JtYZnzmZT81oj/dUTqAIu0ufI2x3dkgu3bB1tYg==}
    dev: false

  /screenfull@5.2.0:
    resolution: {integrity: sha512-9BakfsO2aUQN2K9Fdbj87RJIEZ82Q9IGim7FqM5OsebfoFC6ZHXgDq/KvniuLTPdeM8wY2o6Dj3WQ7KeQCj3cA==}
    engines: {node: '>=0.10.0'}
    dev: false

  /ua-parser-js@1.0.37:
    resolution: {integrity: sha512-bhTyI94tZofjo+Dn8SN6Zv8nBDvyXTymAdM3LDI/0IboIUwTu1rEhW7v2TfiVsoYWgkQ4kOVqnI8APUFbIQIFQ==}
    dev: false
