# THIS IS AN AUTOGENERATED FILE. DO NOT EDIT THIS FILE DIRECTLY.
# yarn lockfile v1


"@ezuikit/player-base@0.1.1":
  version "0.1.1"
  resolved "https://registry.yarnpkg.com/@ezuikit/player-base/-/player-base-0.1.1.tgz#e376fc6f6bf9a1e534143145ee0fe268ec9a3c8b"
  integrity sha512-BJSLl+VEca/r07IaOwoZ9pZGs+3YmY+aTNAdEi3VL+kFbFg9cq+hrkar6GuNKRq6dJVHEBlDPZkAjpIgvA6NiA==
  dependencies:
    "@ezuikit/utils-collect" "^0.1.0"
    "@ezuikit/utils-logger" "^1.0.1"
    "@ezuikit/utils-tools" "^1.0.2"
    eventemitter3 "^5.0.1"
    lodash-es "^4.17.21"
    screenfull "^5.2.0"
    ua-parser-js "1.0.37"

"@ezuikit/utils-collect@^0.1.0":
  version "0.1.0"
  resolved "https://registry.yarnpkg.com/@ezuikit/utils-collect/-/utils-collect-0.1.0.tgz#3954839a67ab8e8a0ecba4b4a9d7779fd79185cf"
  integrity sha512-85lWlB/VCaooPPkCK3nEB4F3UKgO+HbmoPEq4U1tH/ObVP7IJ7eURrFUmQT1CKsqjH5xz5g4DgZzHWgYrwGcCQ==

"@ezuikit/utils-i18n@^1.0.1":
  version "1.0.1"
  resolved "https://registry.yarnpkg.com/@ezuikit/utils-i18n/-/utils-i18n-1.0.1.tgz#938b192184482e91a6e8aadde0f602c268da3020"
  integrity sha512-uUjN3ADHV2ZG4QznuA7FB89/ck8AGV4qS8hm/sqeSA6/ie4ryYw8MS4wIv71WgPBIgIVDfASuEapyLOwq7R2aQ==
  dependencies:
    i18n-js "^4.3.2"

"@ezuikit/utils-logger@^1.0.1":
  version "1.0.1"
  resolved "https://registry.yarnpkg.com/@ezuikit/utils-logger/-/utils-logger-1.0.1.tgz#9f157c982acba73514fc7a46829768d5bf61f45e"
  integrity sha512-qak0MXh4vWZCji3aSCfHdWR3EbZCaqS0iMT8/QWuWPRr0vDmTRMP3kFOAw1MuMraR0ocjPBE2PaTEmUuwVqaAw==

"@ezuikit/utils-tools@^1.0.2":
  version "1.0.3"
  resolved "https://registry.yarnpkg.com/@ezuikit/utils-tools/-/utils-tools-1.0.3.tgz#d014c32905aae1dcfd92d5258453765fb7ffaa41"
  integrity sha512-4vJOFAAmmIojfCf43LwXwQNffoyUad2c/HOZwNexHsMqcvC/yLeDmqm5Y5Kp4BoZT/LHfMpy9fJJ3W22+ikXaQ==

bignumber.js@*:
  version "9.1.2"
  resolved "https://registry.yarnpkg.com/bignumber.js/-/bignumber.js-9.1.2.tgz#b7c4242259c008903b13707983b5f4bbd31eda0c"
  integrity sha512-2/mKyZH9K85bzOEfhXDBFZTGd1CTs+5IHpeFQo9luiBG7hghdC851Pj2WAhb6E3R6b9tZj/XKhbg4fum+Kepug==

dayjs@^1.11.10:
  version "1.11.12"
  resolved "https://registry.yarnpkg.com/dayjs/-/dayjs-1.11.12.tgz#5245226cc7f40a15bf52e0b99fd2a04669ccac1d"
  integrity sha512-Rt2g+nTbLlDWZTwwrIXjy9MeiZmSDI375FvZs72ngxx8PDC6YXOeR3q5LAuPzjZQxhiWdRKac7RKV+YyQYfYIg==

eventemitter3@^5.0.1:
  version "5.0.1"
  resolved "https://registry.yarnpkg.com/eventemitter3/-/eventemitter3-5.0.1.tgz#53f5ffd0a492ac800721bb42c66b841de96423c4"
  integrity sha512-GWkBvjiSZK87ELrYOSESUYeVIc9mvLLf/nXalMOS5dYrgZq9o5OVkbZAVM06CVxYsCwH9BDZFPlQTlPA1j4ahA==

hls.js@^1.5.7:
  version "1.5.13"
  resolved "https://registry.yarnpkg.com/hls.js/-/hls.js-1.5.13.tgz#27bf1c9b91c433e25e7a84635fe7491bb5988d93"
  integrity sha512-xRgKo84nsC7clEvSfIdgn/Tc0NOT+d7vdiL/wvkLO+0k0juc26NRBPPG1SfB8pd5bHXIjMW/F5VM8VYYkOYYdw==

i18n-js@^4.3.2:
  version "4.4.3"
  resolved "https://registry.yarnpkg.com/i18n-js/-/i18n-js-4.4.3.tgz#09744ddd377261f614502cc5622ce6981026ea4a"
  integrity sha512-QIIyvJ+wOKdigL4BlgwiFFrpoXeGdlC8EYgori64YSWm1mnhNYYjIfRu5wETFrmiNP2fyD6xIjVG8dlzaiQr/A==
  dependencies:
    bignumber.js "*"
    lodash "*"
    make-plural "*"

lodash-es@^4.17.21:
  version "4.17.21"
  resolved "https://registry.yarnpkg.com/lodash-es/-/lodash-es-4.17.21.tgz#43e626c46e6591b7750beb2b50117390c609e3ee"
  integrity sha512-mKnC+QJ9pWVzv+C4/U3rRsHapFfHvQFoFB92e52xeyGMcX6/OlIl78je1u8vePzYZSkkogMPJ2yjxxsb89cxyw==

lodash@*:
  version "4.17.21"
  resolved "https://registry.yarnpkg.com/lodash/-/lodash-4.17.21.tgz#679591c564c3bffaae8454cf0b3df370c3d6911c"
  integrity sha512-v2kDEe57lecTulaDIuNTPy3Ry4gLGJ6Z1O3vE1krgXZNrsQ+LFTGHVxVjcXPs17LhbZVGedAJv8XZ1tvj5FvSg==

make-plural@*:
  version "7.4.0"
  resolved "https://registry.yarnpkg.com/make-plural/-/make-plural-7.4.0.tgz#fa6990dd550dea4de6b20163f74e5ed83d8a8d6d"
  integrity sha512-4/gC9KVNTV6pvYg2gFeQYTW3mWaoJt7WZE5vrp1KnQDgW92JtYZnzmZT81oj/dUTqAIu0ufI2x3dkgu3bB1tYg==

screenfull@^5.2.0:
  version "5.2.0"
  resolved "https://registry.yarnpkg.com/screenfull/-/screenfull-5.2.0.tgz#6533d524d30621fc1283b9692146f3f13a93d1ba"
  integrity sha512-9BakfsO2aUQN2K9Fdbj87RJIEZ82Q9IGim7FqM5OsebfoFC6ZHXgDq/KvniuLTPdeM8wY2o6Dj3WQ7KeQCj3cA==

ua-parser-js@1.0.37:
  version "1.0.37"
  resolved "https://registry.yarnpkg.com/ua-parser-js/-/ua-parser-js-1.0.37.tgz#b5dc7b163a5c1f0c510b08446aed4da92c46373f"
  integrity sha512-bhTyI94tZofjo+Dn8SN6Zv8nBDvyXTymAdM3LDI/0IboIUwTu1rEhW7v2TfiVsoYWgkQ4kOVqnI8APUFbIQIFQ==
