# THIS IS AN AUTOGENERATED FILE. DO NOT EDIT THIS FILE DIRECTLY.
# yarn lockfile v1


"@ezuikit/player-base@0.1.1-beta.1":
  version "0.1.1-beta.1"
  resolved "https://registry.yarnpkg.com/@ezuikit/player-base/-/player-base-0.1.1-beta.1.tgz#cde85a13cf6bb770dcd1ecee52ac417ee3e17167"
  integrity sha512-Au2wueZeFMvDgo6CrHuw3JBDrTXPcrVf3+a9/VOCll1DRQjBySbFRhNK3iXYhbgT63ErMH+ZzpYjfE/X6LT4eg==
  dependencies:
    "@ezuikit/utils-collect" "^0.1.0-beta.1"
    "@ezuikit/utils-logger" "^1.0.1"
    "@ezuikit/utils-tools" "^1.0.2"
    eventemitter3 "^5.0.1"
    lodash-es "^4.17.21"
    screenfull "^6.0.2"
    ua-parser-js "1.0.37"

"@ezuikit/utils-collect@^0.1.0-beta.1":
  version "0.1.1"
  resolved "https://registry.yarnpkg.com/@ezuikit/utils-collect/-/utils-collect-0.1.1.tgz#b9b49b1a2ef762c1d33b8a154bdd571e9cd965da"
  integrity sha512-BgEOnTtAq8rQRBAKv5rLXbQLGOnfOZ6NS0QTmiviey80JbMJlxrLiqmjL5lxvkm4JtCcXCtSgPA4tskQKN4eDA==

"@ezuikit/utils-i18n@2.0.1":
  version "2.0.1"
  resolved "https://registry.yarnpkg.com/@ezuikit/utils-i18n/-/utils-i18n-2.0.1.tgz#e4a5d0b921763ab5554cedc02fb8e058f4640802"
  integrity sha512-846z2bDpCxioTBO3KG8Uw8QUFa6hzquSzmZKWPO6fjT3P4v6zNnXRz+Z3JCPlXnc4eesi03A+JmMAU6m5KI4gg==
  dependencies:
    deepmerge "^4.3.1"

"@ezuikit/utils-logger@2.0.1":
  version "2.0.1"
  resolved "https://registry.yarnpkg.com/@ezuikit/utils-logger/-/utils-logger-2.0.1.tgz#5493ec1e388a55b14e557581cb382edcae71cfdc"
  integrity sha512-AeLLR9ZQJkSJFfCicpkVBcnOE4zyQMp4W4997sTEGyF3k3I8Upkfn4Cye2A44MIphdw6eytKlaJp6H4joSafQw==

"@ezuikit/utils-logger@^1.0.1":
  version "1.0.1"
  resolved "https://registry.yarnpkg.com/@ezuikit/utils-logger/-/utils-logger-1.0.1.tgz#9f157c982acba73514fc7a46829768d5bf61f45e"
  integrity sha512-qak0MXh4vWZCji3aSCfHdWR3EbZCaqS0iMT8/QWuWPRr0vDmTRMP3kFOAw1MuMraR0ocjPBE2PaTEmUuwVqaAw==

"@ezuikit/utils-tools@2.0.3":
  version "2.0.3"
  resolved "https://registry.yarnpkg.com/@ezuikit/utils-tools/-/utils-tools-2.0.3.tgz#11fdf9422288f1355c2378b9d890844168fca6b3"
  integrity sha512-YvUGDU1ikjSc5YjQLh6kQWGBOpqkOczb3HiocWm7FOk9grW6IAGd3RbRu0e+XyWT20nefcEpbIhRwOYsTejjnA==

"@ezuikit/utils-tools@^1.0.2":
  version "1.0.3"
  resolved "https://registry.yarnpkg.com/@ezuikit/utils-tools/-/utils-tools-1.0.3.tgz#d014c32905aae1dcfd92d5258453765fb7ffaa41"
  integrity sha512-4vJOFAAmmIojfCf43LwXwQNffoyUad2c/HOZwNexHsMqcvC/yLeDmqm5Y5Kp4BoZT/LHfMpy9fJJ3W22+ikXaQ==

dayjs@^1.11.10:
  version "1.11.12"
  resolved "https://registry.yarnpkg.com/dayjs/-/dayjs-1.11.12.tgz#5245226cc7f40a15bf52e0b99fd2a04669ccac1d"
  integrity sha512-Rt2g+nTbLlDWZTwwrIXjy9MeiZmSDI375FvZs72ngxx8PDC6YXOeR3q5LAuPzjZQxhiWdRKac7RKV+YyQYfYIg==

deepmerge@^4.3.1:
  version "4.3.1"
  resolved "https://registry.yarnpkg.com/deepmerge/-/deepmerge-4.3.1.tgz#44b5f2147cd3b00d4b56137685966f26fd25dd4a"
  integrity sha512-3sUqbMEc77XqpdNO7FRyRog+eW3ph+GYCbj+rK+uYyRMuwsVy0rMiVtPn+QJlKFvWP/1PYpapqYn0Me2knFn+A==

eventemitter3@^5.0.1:
  version "5.0.1"
  resolved "https://registry.yarnpkg.com/eventemitter3/-/eventemitter3-5.0.1.tgz#53f5ffd0a492ac800721bb42c66b841de96423c4"
  integrity sha512-GWkBvjiSZK87ELrYOSESUYeVIc9mvLLf/nXalMOS5dYrgZq9o5OVkbZAVM06CVxYsCwH9BDZFPlQTlPA1j4ahA==

hls.js@^1.5.7:
  version "1.5.13"
  resolved "https://registry.yarnpkg.com/hls.js/-/hls.js-1.5.13.tgz#27bf1c9b91c433e25e7a84635fe7491bb5988d93"
  integrity sha512-xRgKo84nsC7clEvSfIdgn/Tc0NOT+d7vdiL/wvkLO+0k0juc26NRBPPG1SfB8pd5bHXIjMW/F5VM8VYYkOYYdw==

lodash-es@^4.17.21:
  version "4.17.21"
  resolved "https://registry.yarnpkg.com/lodash-es/-/lodash-es-4.17.21.tgz#43e626c46e6591b7750beb2b50117390c609e3ee"
  integrity sha512-mKnC+QJ9pWVzv+C4/U3rRsHapFfHvQFoFB92e52xeyGMcX6/OlIl78je1u8vePzYZSkkogMPJ2yjxxsb89cxyw==

screenfull@^5.2.0:
  version "5.2.0"
  resolved "https://registry.yarnpkg.com/screenfull/-/screenfull-5.2.0.tgz#6533d524d30621fc1283b9692146f3f13a93d1ba"
  integrity sha512-9BakfsO2aUQN2K9Fdbj87RJIEZ82Q9IGim7FqM5OsebfoFC6ZHXgDq/KvniuLTPdeM8wY2o6Dj3WQ7KeQCj3cA==

screenfull@^6.0.2:
  version "6.0.2"
  resolved "https://registry.yarnpkg.com/screenfull/-/screenfull-6.0.2.tgz#3dbe4b8c4f8f49fb8e33caa8f69d0bca730ab238"
  integrity sha512-AQdy8s4WhNvUZ6P8F6PB21tSPIYKniic+Ogx0AacBMjKP1GUHN2E9URxQHtCusiwxudnCKkdy4GrHXPPJSkCCw==

ua-parser-js@1.0.37:
  version "1.0.37"
  resolved "https://registry.yarnpkg.com/ua-parser-js/-/ua-parser-js-1.0.37.tgz#b5dc7b163a5c1f0c510b08446aed4da92c46373f"
  integrity sha512-bhTyI94tZofjo+Dn8SN6Zv8nBDvyXTymAdM3LDI/0IboIUwTu1rEhW7v2TfiVsoYWgkQ4kOVqnI8APUFbIQIFQ==
