# THIS IS AN AUTOGENERATED FILE. DO NOT EDIT THIS FILE DIRECTLY.
# yarn lockfile v1


"@ezuikit/control-date-picker@^2.0.0-beta.4":
  version "2.0.0-beta.4"
  resolved "https://registry.yarnpkg.com/@ezuikit/control-date-picker/-/control-date-picker-2.0.0-beta.4.tgz#e56d149943a46c056403c29a4f2ca129f9e23a15"
  integrity sha512-0+uN3s8W78uSZSvWXbmFUY5kmK8I/94uWqBm9cSRlG7OtSvLCrySVXj/fbYXMrDWpXx6okHfxPZRqke6GbpK9Q==
  dependencies:
    "@ezuikit/utils-i18n" "2.0.0"
    "@ezuikit/utils-tools" "2.0.3"
    "@skax/delegate" "4.0.2"
    "@skax/picker" "1.1.8"
    deepmerge "^4.3.1"

"@ezuikit/control-ptz@^1.0.0-beta.5":
  version "1.0.0-beta.5"
  resolved "https://registry.yarnpkg.com/@ezuikit/control-ptz/-/control-ptz-1.0.0-beta.5.tgz#7f478d7e7e172641cbafa84a38bc79de535ef030"
  integrity sha512-tiV/7EqkaYDtVXx+9kS6VTfI9+jzTwlIOKh1gLbAETv0Y5J/u4C5ItLss9XSxgp/EF6OnHCu2zpuN/FLxnwfrQ==
  dependencies:
    "@ezuikit/utils-tools" "2.0.3"
    deepmerge "^4.3.1"

"@ezuikit/control-time-line@^2.0.0-beta.4":
  version "2.0.0-beta.4"
  resolved "https://registry.yarnpkg.com/@ezuikit/control-time-line/-/control-time-line-2.0.0-beta.4.tgz#bb0efb5145e2e2148add782614a5e2db76cc3c44"
  integrity sha512-BwNQo8Kq/qQ3xtEnM6ya0JXstixUORNcUrXS+QTxPyU6+PxTs/YlurgE4uLb0kYuH6ny6ErxaumHVn3sqFq8zw==
  dependencies:
    "@ezuikit/utils-i18n" "2.0.0"
    "@ezuikit/utils-tools" "2.0.3"
    "@skax/delegate" "4.0.2"
    "@skax/drag-scroll" "1.1.2"
    "@skax/picker" "1.1.8"
    deepmerge "^4.3.1"

"@ezuikit/control-zoom@^1.0.0-beta.3":
  version "1.0.0-beta.4"
  resolved "https://registry.yarnpkg.com/@ezuikit/control-zoom/-/control-zoom-1.0.0-beta.4.tgz#a3ff1fd43e1a1bb23103a4c263c026348119c423"
  integrity sha512-MG+weJeYSeh86LyZWFseUSWw9VCkyKFIE0V58Nee1+NCIuctbTd9fBmtAexX8xHEiApHKDwfQmwc+xlUZgTb6Q==

"@ezuikit/player-theme@3.0.2-beta.3":
  version "3.0.2-beta.3"
  resolved "https://registry.yarnpkg.com/@ezuikit/player-theme/-/player-theme-3.0.2-beta.3.tgz#b42bdca6ec7a964780e3ba8a142f5fb3f5407dc1"
  integrity sha512-cp/nMQzu3QDkNrmuFM72ftBGvinuvzDotPMR35igGAyDa/Mnm0mp+PErxxPK1jjI3ffyzzrFfdFX09rrIK1fTQ==
  dependencies:
    "@ezuikit/control-date-picker" "^2.0.0-beta.4"
    "@ezuikit/control-ptz" "^1.0.0-beta.5"
    "@ezuikit/control-time-line" "^2.0.0-beta.4"
    "@ezuikit/control-zoom" "^1.0.0-beta.3"
    "@ezuikit/utils-i18n" "2.0.1"
    "@ezuikit/utils-logger" "2.0.1"
    "@ezuikit/utils-tools" "2.0.3"
    "@juggle/resize-observer" "^3.4.0"
    "@skax/delegate" "4.0.2"
    "@skax/picker" "1.1.8"
    deepmerge "^4.3.1"
    eventemitter3 "^5.0.1"
    screenfull "5.2.0"

"@ezuikit/utils-collect@^0.1.1":
  version "0.1.1"
  resolved "https://registry.yarnpkg.com/@ezuikit/utils-collect/-/utils-collect-0.1.1.tgz#b9b49b1a2ef762c1d33b8a154bdd571e9cd965da"
  integrity sha512-BgEOnTtAq8rQRBAKv5rLXbQLGOnfOZ6NS0QTmiviey80JbMJlxrLiqmjL5lxvkm4JtCcXCtSgPA4tskQKN4eDA==

"@ezuikit/utils-i18n@2.0.0":
  version "2.0.0"
  resolved "https://registry.yarnpkg.com/@ezuikit/utils-i18n/-/utils-i18n-2.0.0.tgz#41dceba7b09043e1a5baffce36ca0e0de36c7cc4"
  integrity sha512-gMkfdwFTRk3bAkUVWRGPyEsQl4aIImBpQp732aSSHA75LFPi1MmdaB2Xf34OeC+4v+Anpbt75vviCpUrKPMKlQ==
  dependencies:
    deepmerge "^4.3.1"

"@ezuikit/utils-i18n@2.0.1":
  version "2.0.1"
  resolved "https://registry.yarnpkg.com/@ezuikit/utils-i18n/-/utils-i18n-2.0.1.tgz#e4a5d0b921763ab5554cedc02fb8e058f4640802"
  integrity sha512-846z2bDpCxioTBO3KG8Uw8QUFa6hzquSzmZKWPO6fjT3P4v6zNnXRz+Z3JCPlXnc4eesi03A+JmMAU6m5KI4gg==
  dependencies:
    deepmerge "^4.3.1"

"@ezuikit/utils-logger@2.0.1":
  version "2.0.1"
  resolved "https://registry.yarnpkg.com/@ezuikit/utils-logger/-/utils-logger-2.0.1.tgz#5493ec1e388a55b14e557581cb382edcae71cfdc"
  integrity sha512-AeLLR9ZQJkSJFfCicpkVBcnOE4zyQMp4W4997sTEGyF3k3I8Upkfn4Cye2A44MIphdw6eytKlaJp6H4joSafQw==

"@ezuikit/utils-tools@2.0.3":
  version "2.0.3"
  resolved "https://registry.yarnpkg.com/@ezuikit/utils-tools/-/utils-tools-2.0.3.tgz#11fdf9422288f1355c2378b9d890844168fca6b3"
  integrity sha512-YvUGDU1ikjSc5YjQLh6kQWGBOpqkOczb3HiocWm7FOk9grW6IAGd3RbRu0e+XyWT20nefcEpbIhRwOYsTejjnA==

"@ezuikit/utils-tools@2.0.5":
  version "2.0.5"
  resolved "https://registry.yarnpkg.com/@ezuikit/utils-tools/-/utils-tools-2.0.5.tgz#81edb936af448d52e61aa7425d7faa4ec1100bd0"
  integrity sha512-7SR3kKQdColQ+Rz/PPaLzHi8Yv3RuhFUh3iMymonlO95OJSZBgjaTSX5QNeTnZIi57soNVoHByR4tS/JbMA4Wg==

"@juggle/resize-observer@^3.4.0":
  version "3.4.0"
  resolved "https://registry.yarnpkg.com/@juggle/resize-observer/-/resize-observer-3.4.0.tgz#08d6c5e20cf7e4cc02fd181c4b0c225cd31dbb60"
  integrity sha512-dfLbk+PwWvFzSxwk3n5ySL0hfBog779o8h68wK/7/APo/7cgyWp5jcXockbxdk5kFRkbeXWm4Fbi9FrdN381sA==

"@skax/delegate@4.0.2":
  version "4.0.2"
  resolved "https://registry.yarnpkg.com/@skax/delegate/-/delegate-4.0.2.tgz#c1bdd1e195e414bb56153d697d9e0c431084afcb"
  integrity sha512-8imP+fGESjlbU4mFhZMEuR3/qmYVtqQjXXzZ/C/imbzKqyaMWYpEDqQXNf6yGHzWHUJhZwn5AWNm645U1GjQsQ==

"@skax/drag-scroll@1.1.2":
  version "1.1.2"
  resolved "https://registry.yarnpkg.com/@skax/drag-scroll/-/drag-scroll-1.1.2.tgz#1867421bdd90cc86a33f4e1529f50ce44b6aaff8"
  integrity sha512-dRYjWY6+ix7FCdDLkkEgitO5EcawaHJt1Fu6BXUwKjpikkGnVeMRzrIwfH3jr6FbrhZvZr4StsYG7x5xMHZ3CQ==

"@skax/hls-parse@0.0.1-beta.9":
  version "0.0.1-beta.9"
  resolved "https://registry.yarnpkg.com/@skax/hls-parse/-/hls-parse-0.0.1-beta.9.tgz#bff37cebf14831ff52aa59cdc079cbd6962abf5e"
  integrity sha512-oJOwqoRqk7nCeQjovvpAYyh5inJqbDNLj+7DDTcRITyLDmCo6FMkFxVL5iracUB+W1GrhXf5jISYtlLjGxPI4w==

"@skax/picker@1.1.8":
  version "1.1.8"
  resolved "https://registry.yarnpkg.com/@skax/picker/-/picker-1.1.8.tgz#2104841638afff654285fb6098366e4981f4e89e"
  integrity sha512-PY8eefUG2KYheTV4VsToL66JDyFWbNrUQcz4sdEUfdFs5A2JWBYL4tNVEIMUq92m03yXaPtkNXh2RcgKO2Czzg==

deepmerge@^4.3.1:
  version "4.3.1"
  resolved "https://registry.yarnpkg.com/deepmerge/-/deepmerge-4.3.1.tgz#44b5f2147cd3b00d4b56137685966f26fd25dd4a"
  integrity sha512-3sUqbMEc77XqpdNO7FRyRog+eW3ph+GYCbj+rK+uYyRMuwsVy0rMiVtPn+QJlKFvWP/1PYpapqYn0Me2knFn+A==

eventemitter3@^5.0.1:
  version "5.0.1"
  resolved "https://registry.yarnpkg.com/eventemitter3/-/eventemitter3-5.0.1.tgz#53f5ffd0a492ac800721bb42c66b841de96423c4"
  integrity sha512-GWkBvjiSZK87ELrYOSESUYeVIc9mvLLf/nXalMOS5dYrgZq9o5OVkbZAVM06CVxYsCwH9BDZFPlQTlPA1j4ahA==

hls.js@^1.6.16:
  version "1.6.16"
  resolved "https://registry.yarnpkg.com/hls.js/-/hls.js-1.6.16.tgz#e2e7e79b68357cb3f8aa82dec0a36c9c2701f5c0"
  integrity sha512-VSIRpLfRwlAAdGL4wiTucx2ScRipo0ed1FBatWkyt832jC4CReKstga6yIhYVwGu9LOBjuX9wzmRMeQdBJtzEA==

screenfull@5.2.0:
  version "5.2.0"
  resolved "https://registry.yarnpkg.com/screenfull/-/screenfull-5.2.0.tgz#6533d524d30621fc1283b9692146f3f13a93d1ba"
  integrity sha512-9BakfsO2aUQN2K9Fdbj87RJIEZ82Q9IGim7FqM5OsebfoFC6ZHXgDq/KvniuLTPdeM8wY2o6Dj3WQ7KeQCj3cA==

ua-parser-js@1.0.37:
  version "1.0.37"
  resolved "https://registry.yarnpkg.com/ua-parser-js/-/ua-parser-js-1.0.37.tgz#b5dc7b163a5c1f0c510b08446aed4da92c46373f"
  integrity sha512-bhTyI94tZofjo+Dn8SN6Zv8nBDvyXTymAdM3LDI/0IboIUwTu1rEhW7v2TfiVsoYWgkQ4kOVqnI8APUFbIQIFQ==
